// !$*UTF8*$!
{
	archiveVersion = 1;
	classes = {
	};
	objectVersion = 55;
	objects = {

/* Begin PBXBuildFile section */
		2893A45B972CF790508E7E00 /* Pods_flixTests.framework in Frameworks */ = {isa = PBXBuildFile; fileRef = 71EA67D0B4BF1A8A64579A39 /* Pods_flixTests.framework */; };
		40842E9910137F068E8C4F8C /* Pods_flix_flixUITests.framework in Frameworks */ = {isa = PBXBuildFile; fileRef = 95C4867E3274F6C893988F24 /* Pods_flix_flixUITests.framework */; };
		60E899AA9A81B66EF86BCE5B /* Pods_flix.framework in Frameworks */ = {isa = PBXBuildFile; fileRef = 01975D3E83BC77177358C59A /* Pods_flix.framework */; };
		BC4F8DB227C56A2B001925EA /* MovieDetailViewController.swift in Sources */ = {isa = PBXBuildFile; fileRef = BC4F8DB127C56A2B001925EA /* MovieDetailViewController.swift */; };
		BC4F8DB427C71B0C001925EA /* MovieGridViewController.swift in Sources */ = {isa = PBXBuildFile; fileRef = BC4F8DB327C71B0C001925EA /* MovieGridViewController.swift */; };
		BC4F8DB827C71E41001925EA /* MovieGridCell.swift in Sources */ = {isa = PBXBuildFile; fileRef = BC4F8DB727C71E41001925EA /* MovieGridCell.swift */; };
		BC70890627C338A0006ED87B /* AppDelegate.swift in Sources */ = {isa = PBXBuildFile; fileRef = BC70890527C338A0006ED87B /* AppDelegate.swift */; };
		BC70890827C338A0006ED87B /* SceneDelegate.swift in Sources */ = {isa = PBXBuildFile; fileRef = BC70890727C338A0006ED87B /* SceneDelegate.swift */; };
		BC70890A27C338A0006ED87B /* ViewController.swift in Sources */ = {isa = PBXBuildFile; fileRef = BC70890927C338A0006ED87B /* ViewController.swift */; };
		BC70890D27C338A0006ED87B /* Main.storyboard in Resources */ = {isa = PBXBuildFile; fileRef = BC70890B27C338A0006ED87B /* Main.storyboard */; };
		BC70890F27C338A3006ED87B /* Assets.xcassets in Resources */ = {isa = PBXBuildFile; fileRef = BC70890E27C338A3006ED87B /* Assets.xcassets */; };
		BC70891227C338A3006ED87B /* LaunchScreen.storyboard in Resources */ = {isa = PBXBuildFile; fileRef = BC70891027C338A3006ED87B /* LaunchScreen.storyboard */; };
		BC70891D27C338A3006ED87B /* flixTests.swift in Sources */ = {isa = PBXBuildFile; fileRef = BC70891C27C338A3006ED87B /* flixTests.swift */; };
		BC70892727C338A3006ED87B /* flixUITests.swift in Sources */ = {isa = PBXBuildFile; fileRef = BC70892627C338A3006ED87B /* flixUITests.swift */; };
		BC70892927C338A3006ED87B /* flixUITestsLaunchTests.swift in Sources */ = {isa = PBXBuildFile; fileRef = BC70892827C338A3006ED87B /* flixUITestsLaunchTests.swift */; };
		BC70893627C34E63006ED87B /* MovieCell.swift in Sources */ = {isa = PBXBuildFile; fileRef = BC70893527C34E63006ED87B /* MovieCell.swift */; };
		BC70893927C3541E006ED87B /* AlamofireImage in Frameworks */ = {isa = PBXBuildFile; productRef = BC70893827C3541E006ED87B /* AlamofireImage */; };
/* End PBXBuildFile section */

/* Begin PBXContainerItemProxy section */
		BC70891927C338A3006ED87B /* PBXContainerItemProxy */ = {
			isa = PBXContainerItemProxy;
			containerPortal = BC7088FA27C338A0006ED87B /* Project object */;
			proxyType = 1;
			remoteGlobalIDString = BC70890127C338A0006ED87B;
			remoteInfo = flix;
		};
		BC70892327C338A3006ED87B /* PBXContainerItemProxy */ = {
			isa = PBXContainerItemProxy;
			containerPortal = BC7088FA27C338A0006ED87B /* Project object */;
			proxyType = 1;
			remoteGlobalIDString = BC70890127C338A0006ED87B;
			remoteInfo = flix;
		};
/* End PBXContainerItemProxy section */

/* Begin PBXFileReference section */
		01975D3E83BC77177358C59A /* Pods_flix.framework */ = {isa = PBXFileReference; explicitFileType = wrapper.framework; includeInIndex = 0; path = Pods_flix.framework; sourceTree = BUILT_PRODUCTS_DIR; };
		140121A39D4180C270BF2CAB /* Pods-flix.debug.xcconfig */ = {isa = PBXFileReference; includeInIndex = 1; lastKnownFileType = text.xcconfig; name = "Pods-flix.debug.xcconfig"; path = "Target Support Files/Pods-flix/Pods-flix.debug.xcconfig"; sourceTree = "<group>"; };
		4A16CB41ABCBE99AAFBFFDDE /* Pods-flixTests.release.xcconfig */ = {isa = PBXFileReference; includeInIndex = 1; lastKnownFileType = text.xcconfig; name = "Pods-flixTests.release.xcconfig"; path = "Target Support Files/Pods-flixTests/Pods-flixTests.release.xcconfig"; sourceTree = "<group>"; };
		71EA67D0B4BF1A8A64579A39 /* Pods_flixTests.framework */ = {isa = PBXFileReference; explicitFileType = wrapper.framework; includeInIndex = 0; path = Pods_flixTests.framework; sourceTree = BUILT_PRODUCTS_DIR; };
		95C4867E3274F6C893988F24 /* Pods_flix_flixUITests.framework */ = {isa = PBXFileReference; explicitFileType = wrapper.framework; includeInIndex = 0; path = Pods_flix_flixUITests.framework; sourceTree = BUILT_PRODUCTS_DIR; };
		AC6B0F717094095C74400395 /* Pods-flixTests.debug.xcconfig */ = {isa = PBXFileReference; includeInIndex = 1; lastKnownFileType = text.xcconfig; name = "Pods-flixTests.debug.xcconfig"; path = "Target Support Files/Pods-flixTests/Pods-flixTests.debug.xcconfig"; sourceTree = "<group>"; };
		AD784B9D151D7678036656AD /* Pods-flix.release.xcconfig */ = {isa = PBXFileReference; includeInIndex = 1; lastKnownFileType = text.xcconfig; name = "Pods-flix.release.xcconfig"; path = "Target Support Files/Pods-flix/Pods-flix.release.xcconfig"; sourceTree = "<group>"; };
		BC4F8DB127C56A2B001925EA /* MovieDetailViewController.swift */ = {isa = PBXFileReference; lastKnownFileType = sourcecode.swift; path = MovieDetailViewController.swift; sourceTree = "<group>"; };
		BC4F8DB327C71B0C001925EA /* MovieGridViewController.swift */ = {isa = PBXFileReference; lastKnownFileType = sourcecode.swift; path = MovieGridViewController.swift; sourceTree = "<group>"; };
		BC4F8DB727C71E41001925EA /* MovieGridCell.swift */ = {isa = PBXFileReference; lastKnownFileType = sourcecode.swift; path = MovieGridCell.swift; sourceTree = "<group>"; };
		BC70890227C338A0006ED87B /* flix.app */ = {isa = PBXFileReference; explicitFileType = wrapper.application; includeInIndex = 0; path = flix.app; sourceTree = BUILT_PRODUCTS_DIR; };
		BC70890527C338A0006ED87B /* AppDelegate.swift */ = {isa = PBXFileReference; lastKnownFileType = sourcecode.swift; path = AppDelegate.swift; sourceTree = "<group>"; };
		BC70890727C338A0006ED87B /* SceneDelegate.swift */ = {isa = PBXFileReference; lastKnownFileType = sourcecode.swift; path = SceneDelegate.swift; sourceTree = "<group>"; };
		BC70890927C338A0006ED87B /* ViewController.swift */ = {isa = PBXFileReference; lastKnownFileType = sourcecode.swift; path = ViewController.swift; sourceTree = "<group>"; };
		BC70890C27C338A0006ED87B /* Base */ = {isa = PBXFileReference; lastKnownFileType = file.storyboard; name = Base; path = Base.lproj/Main.storyboard; sourceTree = "<group>"; };
		BC70890E27C338A3006ED87B /* Assets.xcassets */ = {isa = PBXFileReference; lastKnownFileType = folder.assetcatalog; path = Assets.xcassets; sourceTree = "<group>"; };
		BC70891127C338A3006ED87B /* Base */ = {isa = PBXFileReference; lastKnownFileType = file.storyboard; name = Base; path = Base.lproj/LaunchScreen.storyboard; sourceTree = "<group>"; };
		BC70891327C338A3006ED87B /* Info.plist */ = {isa = PBXFileReference; lastKnownFileType = text.plist.xml; path = Info.plist; sourceTree = "<group>"; };
		BC70891827C338A3006ED87B /* flixTests.xctest */ = {isa = PBXFileReference; explicitFileType = wrapper.cfbundle; includeInIndex = 0; path = flixTests.xctest; sourceTree = BUILT_PRODUCTS_DIR; };
		BC70891C27C338A3006ED87B /* flixTests.swift */ = {isa = PBXFileReference; lastKnownFileType = sourcecode.swift; path = flixTests.swift; sourceTree = "<group>"; };
		BC70892227C338A3006ED87B /* flixUITests.xctest */ = {isa = PBXFileReference; explicitFileType = wrapper.cfbundle; includeInIndex = 0; path = flixUITests.xctest; sourceTree = BUILT_PRODUCTS_DIR; };
		BC70892627C338A3006ED87B /* flixUITests.swift */ = {isa = PBXFileReference; lastKnownFileType = sourcecode.swift; path = flixUITests.swift; sourceTree = "<group>"; };
		BC70892827C338A3006ED87B /* flixUITestsLaunchTests.swift */ = {isa = PBXFileReference; lastKnownFileType = sourcecode.swift; path = flixUITestsLaunchTests.swift; sourceTree = "<group>"; };
		BC70893527C34E63006ED87B /* MovieCell.swift */ = {isa = PBXFileReference; lastKnownFileType = sourcecode.swift; path = MovieCell.swift; sourceTree = "<group>"; };
		C10973C21FC15E4DCAACCECA /* Pods-flix-flixUITests.debug.xcconfig */ = {isa = PBXFileReference; includeInIndex = 1; lastKnownFileType = text.xcconfig; name = "Pods-flix-flixUITests.debug.xcconfig"; path = "Target Support Files/Pods-flix-flixUITests/Pods-flix-flixUITests.debug.xcconfig"; sourceTree = "<group>"; };
		D30B51584D98DA494A1E3991 /* Pods-flix-flixUITests.release.xcconfig */ = {isa = PBXFileReference; includeInIndex = 1; lastKnownFileType = text.xcconfig; name = "Pods-flix-flixUITests.release.xcconfig"; path = "Target Support Files/Pods-flix-flixUITests/Pods-flix-flixUITests.release.xcconfig"; sourceTree = "<group>"; };
/* End PBXFileReference section */

/* Begin PBXFrameworksBuildPhase section */
		BC7088FF27C338A0006ED87B /* Frameworks */ = {
			isa = PBXFrameworksBuildPhase;
			buildActionMask = 2147483647;
			files = (
				BC70893927C3541E006ED87B /* AlamofireImage in Frameworks */,
				60E899AA9A81B66EF86BCE5B /* Pods_flix.framework in Frameworks */,
			);
			runOnlyForDeploymentPostprocessing = 0;
		};
		BC70891527C338A3006ED87B /* Frameworks */ = {
			isa = PBXFrameworksBuildPhase;
			buildActionMask = 2147483647;
			files = (
				2893A45B972CF790508E7E00 /* Pods_flixTests.framework in Frameworks */,
			);
			runOnlyForDeploymentPostprocessing = 0;
		};
		BC70891F27C338A3006ED87B /* Frameworks */ = {
			isa = PBXFrameworksBuildPhase;
			buildActionMask = 2147483647;
			files = (
				40842E9910137F068E8C4F8C /* Pods_flix_flixUITests.framework in Frameworks */,
			);
			runOnlyForDeploymentPostprocessing = 0;
		};
/* End PBXFrameworksBuildPhase section */

/* Begin PBXGroup section */
		87F0C23FF0E405C8B93F10CF /* Pods */ = {
			isa = PBXGroup;
			children = (
				140121A39D4180C270BF2CAB /* Pods-flix.debug.xcconfig */,
				AD784B9D151D7678036656AD /* Pods-flix.release.xcconfig */,
				C10973C21FC15E4DCAACCECA /* Pods-flix-flixUITests.debug.xcconfig */,
				D30B51584D98DA494A1E3991 /* Pods-flix-flixUITests.release.xcconfig */,
				AC6B0F717094095C74400395 /* Pods-flixTests.debug.xcconfig */,
				4A16CB41ABCBE99AAFBFFDDE /* Pods-flixTests.release.xcconfig */,
			);
			path = Pods;
			sourceTree = "<group>";
		};
		BC7088F927C338A0006ED87B = {
			isa = PBXGroup;
			children = (
				BC70890427C338A0006ED87B /* flix */,
				BC70891B27C338A3006ED87B /* flixTests */,
				BC70892527C338A3006ED87B /* flixUITests */,
				BC70890327C338A0006ED87B /* Products */,
				87F0C23FF0E405C8B93F10CF /* Pods */,
				C06B47BE3607577EA6353531 /* Frameworks */,
			);
			sourceTree = "<group>";
		};
		BC70890327C338A0006ED87B /* Products */ = {
			isa = PBXGroup;
			children = (
				BC70890227C338A0006ED87B /* flix.app */,
				BC70891827C338A3006ED87B /* flixTests.xctest */,
				BC70892227C338A3006ED87B /* flixUITests.xctest */,
			);
			name = Products;
			sourceTree = "<group>";
		};
		BC70890427C338A0006ED87B /* flix */ = {
			isa = PBXGroup;
			children = (
				BC70890527C338A0006ED87B /* AppDelegate.swift */,
				BC70890727C338A0006ED87B /* SceneDelegate.swift */,
				BC70890927C338A0006ED87B /* ViewController.swift */,
				BC70890B27C338A0006ED87B /* Main.storyboard */,
				BC70890E27C338A3006ED87B /* Assets.xcassets */,
				BC70891027C338A3006ED87B /* LaunchScreen.storyboard */,
				BC70891327C338A3006ED87B /* Info.plist */,
				BC70893527C34E63006ED87B /* MovieCell.swift */,
				BC4F8DB127C56A2B001925EA /* MovieDetailViewController.swift */,
				BC4F8DB327C71B0C001925EA /* MovieGridViewController.swift */,
				BC4F8DB727C71E41001925EA /* MovieGridCell.swift */,
			);
			path = flix;
			sourceTree = "<group>";
		};
		BC70891B27C338A3006ED87B /* flixTests */ = {
			isa = PBXGroup;
			children = (
				BC70891C27C338A3006ED87B /* flixTests.swift */,
			);
			path = flixTests;
			sourceTree = "<group>";
		};
		BC70892527C338A3006ED87B /* flixUITests */ = {
			isa = PBXGroup;
			children = (
				BC70892627C338A3006ED87B /* flixUITests.swift */,
				BC70892827C338A3006ED87B /* flixUITestsLaunchTests.swift */,
			);
			path = flixUITests;
			sourceTree = "<group>";
		};
		C06B47BE3607577EA6353531 /* Frameworks */ = {
			isa = PBXGroup;
			children = (
				01975D3E83BC77177358C59A /* Pods_flix.framework */,
				95C4867E3274F6C893988F24 /* Pods_flix_flixUITests.framework */,
				71EA67D0B4BF1A8A64579A39 /* Pods_flixTests.framework */,
			);
			name = Frameworks;
			sourceTree = "<group>";
		};
/* End PBXGroup section */

/* Begin PBXNativeTarget section */
		BC70890127C338A0006ED87B /* flix */ = {
			isa = PBXNativeTarget;
			buildConfigurationList = BC70892C27C338A3006ED87B /* Build configuration list for PBXNativeTarget "flix" */;
			buildPhases = (
				4E8EA848EE22480507E03ED9 /* [CP] Check Pods Manifest.lock */,
				BC7088FE27C338A0006ED87B /* Sources */,
				BC7088FF27C338A0006ED87B /* Frameworks */,
				BC70890027C338A0006ED87B /* Resources */,
				5E80BD67C774938D22CC0247 /* [CP] Embed Pods Frameworks */,
			);
			buildRules = (
			);
			dependencies = (
			);
			name = flix;
			packageProductDependencies = (
				BC70893827C3541E006ED87B /* AlamofireImage */,
			);
			productName = flix;
			productReference = BC70890227C338A0006ED87B /* flix.app */;
			productType = "com.apple.product-type.application";
		};
		BC70891727C338A3006ED87B /* flixTests */ = {
			isa = PBXNativeTarget;
			buildConfigurationList = BC70892F27C338A3006ED87B /* Build configuration list for PBXNativeTarget "flixTests" */;
			buildPhases = (
				E26B223E9E0233E3AB8C0830 /* [CP] Check Pods Manifest.lock */,
				BC70891427C338A3006ED87B /* Sources */,
				BC70891527C338A3006ED87B /* Frameworks */,
				BC70891627C338A3006ED87B /* Resources */,
			);
			buildRules = (
			);
			dependencies = (
				BC70891A27C338A3006ED87B /* PBXTargetDependency */,
			);
			name = flixTests;
			productName = flixTests;
			productReference = BC70891827C338A3006ED87B /* flixTests.xctest */;
			productType = "com.apple.product-type.bundle.unit-test";
		};
		BC70892127C338A3006ED87B /* flixUITests */ = {
			isa = PBXNativeTarget;
			buildConfigurationList = BC70893227C338A3006ED87B /* Build configuration list for PBXNativeTarget "flixUITests" */;
			buildPhases = (
				58204DEA687CB22032D6E3BE /* [CP] Check Pods Manifest.lock */,
				BC70891E27C338A3006ED87B /* Sources */,
				BC70891F27C338A3006ED87B /* Frameworks */,
				BC70892027C338A3006ED87B /* Resources */,
				B9F1902E4E48D7E9365E302B /* [CP] Embed Pods Frameworks */,
			);
			buildRules = (
			);
			dependencies = (
				BC70892427C338A3006ED87B /* PBXTargetDependency */,
			);
			name = flixUITests;
			productName = flixUITests;
			productReference = BC70892227C338A3006ED87B /* flixUITests.xctest */;
			productType = "com.apple.product-type.bundle.ui-testing";
		};
/* End PBXNativeTarget section */

/* Begin PBXProject section */
		BC7088FA27C338A0006ED87B /* Project object */ = {
			isa = PBXProject;
			attributes = {
				BuildIndependentTargetsInParallel = 1;
				LastSwiftUpdateCheck = 1310;
				LastUpgradeCheck = 1310;
				TargetAttributes = {
					BC70890127C338A0006ED87B = {
						CreatedOnToolsVersion = 13.1;
					};
					BC70891727C338A3006ED87B = {
						CreatedOnToolsVersion = 13.1;
						TestTargetID = BC70890127C338A0006ED87B;
					};
					BC70892127C338A3006ED87B = {
						CreatedOnToolsVersion = 13.1;
						TestTargetID = BC70890127C338A0006ED87B;
					};
				};
			};
			buildConfigurationList = BC7088FD27C338A0006ED87B /* Build configuration list for PBXProject "flix" */;
			compatibilityVersion = "Xcode 13.0";
			developmentRegion = en;
			hasScannedForEncodings = 0;
			knownRegions = (
				en,
				Base,
			);
			mainGroup = BC7088F927C338A0006ED87B;
			packageReferences = (
				BC70893727C3541E006ED87B /* XCRemoteSwiftPackageReference "AlamofireImage" */,
			);
			productRefGroup = BC70890327C338A0006ED87B /* Products */;
			projectDirPath = "";
			projectRoot = "";
			targets = (
				BC70890127C338A0006ED87B /* flix */,
				BC70891727C338A3006ED87B /* flixTests */,
				BC70892127C338A3006ED87B /* flixUITests */,
			);
		};
/* End PBXProject section */

/* Begin PBXResourcesBuildPhase section */
		BC70890027C338A0006ED87B /* Resources */ = {
			isa = PBXResourcesBuildPhase;
			buildActionMask = 2147483647;
			files = (
				BC70891227C338A3006ED87B /* LaunchScreen.storyboard in Resources */,
				BC70890F27C338A3006ED87B /* Assets.xcassets in Resources */,
				BC70890D27C338A0006ED87B /* Main.storyboard in Resources */,
			);
			runOnlyForDeploymentPostprocessing = 0;
		};
		BC70891627C338A3006ED87B /* Resources */ = {
			isa = PBXResourcesBuildPhase;
			buildActionMask = 2147483647;
			files = (
			);
			runOnlyForDeploymentPostprocessing = 0;
		};
		BC70892027C338A3006ED87B /* Resources */ = {
			isa = PBXResourcesBuildPhase;
			buildActionMask = 2147483647;
			files = (
			);
			runOnlyForDeploymentPostprocessing = 0;
		};
/* End PBXResourcesBuildPhase section */

/* Begin PBXShellScriptBuildPhase section */
		4E8EA848EE22480507E03ED9 /* [CP] Check Pods Manifest.lock */ = {
			isa = PBXShellScriptBuildPhase;
			buildActionMask = 2147483647;
			files = (
			);
			inputFileListPaths = (
			);
			inputPaths = (
				"${PODS_PODFILE_DIR_PATH}/Podfile.lock",
				"${PODS_ROOT}/Manifest.lock",
			);
			name = "[CP] Check Pods Manifest.lock";
			outputFileListPaths = (
			);
			outputPaths = (
				"$(DERIVED_FILE_DIR)/Pods-flix-checkManifestLockResult.txt",
			);
			runOnlyForDeploymentPostprocessing = 0;
			shellPath = /bin/sh;
			shellScript = "diff \"${PODS_PODFILE_DIR_PATH}/Podfile.lock\" \"${PODS_ROOT}/Manifest.lock\" > /dev/null\nif [ $? != 0 ] ; then\n    # print error to STDERR\n    echo \"error: The sandbox is not in sync with the Podfile.lock. Run 'pod install' or update your CocoaPods installation.\" >&2\n    exit 1\nfi\n# This output is used by Xcode 'outputs' to avoid re-running this script phase.\necho \"SUCCESS\" > \"${SCRIPT_OUTPUT_FILE_0}\"\n";
			showEnvVarsInLog = 0;
		};
		58204DEA687CB22032D6E3BE /* [CP] Check Pods Manifest.lock */ = {
			isa = PBXShellScriptBuildPhase;
			buildActionMask = 2147483647;
			files = (
			);
			inputFileListPaths = (
			);
			inputPaths = (
				"${PODS_PODFILE_DIR_PATH}/Podfile.lock",
				"${PODS_ROOT}/Manifest.lock",
			);
			name = "[CP] Check Pods Manifest.lock";
			outputFileListPaths = (
			);
			outputPaths = (
				"$(DERIVED_FILE_DIR)/Pods-flix-flixUITests-checkManifestLockResult.txt",
			);
			runOnlyForDeploymentPostprocessing = 0;
			shellPath = /bin/sh;
			shellScript = "diff \"${PODS_PODFILE_DIR_PATH}/Podfile.lock\" \"${PODS_ROOT}/Manifest.lock\" > /dev/null\nif [ $? != 0 ] ; then\n    # print error to STDERR\n    echo \"error: The sandbox is not in sync with the Podfile.lock. Run 'pod install' or update your CocoaPods installation.\" >&2\n    exit 1\nfi\n# This output is used by Xcode 'outputs' to avoid re-running this script phase.\necho \"SUCCESS\" > \"${SCRIPT_OUTPUT_FILE_0}\"\n";
			showEnvVarsInLog = 0;
		};
		5E80BD67C774938D22CC0247 /* [CP] Embed Pods Frameworks */ = {
			isa = PBXShellScriptBuildPhase;
			buildActionMask = 2147483647;
			files = (
			);
			inputFileListPaths = (
				"${PODS_ROOT}/Target Support Files/Pods-flix/Pods-flix-frameworks-${CONFIGURATION}-input-files.xcfilelist",
			);
			name = "[CP] Embed Pods Frameworks";
			outputFileListPaths = (
				"${PODS_ROOT}/Target Support Files/Pods-flix/Pods-flix-frameworks-${CONFIGURATION}-output-files.xcfilelist",
			);
			runOnlyForDeploymentPostprocessing = 0;
			shellPath = /bin/sh;
			shellScript = "\"${PODS_ROOT}/Target Support Files/Pods-flix/Pods-flix-frameworks.sh\"\n";
			showEnvVarsInLog = 0;
		};
		B9F1902E4E48D7E9365E302B /* [CP] Embed Pods Frameworks */ = {
			isa = PBXShellScriptBuildPhase;
			buildActionMask = 2147483647;
			files = (
			);
			inputFileListPaths = (
				"${PODS_ROOT}/Target Support Files/Pods-flix-flixUITests/Pods-flix-flixUITests-frameworks-${CONFIGURATION}-input-files.xcfilelist",
			);
			name = "[CP] Embed Pods Frameworks";
			outputFileListPaths = (
				"${PODS_ROOT}/Target Support Files/Pods-flix-flixUITests/Pods-flix-flixUITests-frameworks-${CONFIGURATION}-output-files.xcfilelist",
			);
			runOnlyForDeploymentPostprocessing = 0;
			shellPath = /bin/sh;
			shellScript = "\"${PODS_ROOT}/Target Support Files/Pods-flix-flixUITests/Pods-flix-flixUITests-frameworks.sh\"\n";
			showEnvVarsInLog = 0;
		};
		E26B223E9E0233E3AB8C0830 /* [CP] Check Pods Manifest.lock */ = {
			isa = PBXShellScriptBuildPhase;
			buildActionMask = 2147483647;
			files = (
			);
			inputFileListPaths = (
			);
			inputPaths = (
				"${PODS_PODFILE_DIR_PATH}/Podfile.lock",
				"${PODS_ROOT}/Manifest.lock",
			);
			name = "[CP] Check Pods Manifest.lock";
			outputFileListPaths = (
			);
			outputPaths = (
				"$(DERIVED_FILE_DIR)/Pods-flixTests-checkManifestLockResult.txt",
			);
			runOnlyForDeploymentPostprocessing = 0;
			shellPath = /bin/sh;
			shellScript = "diff \"${PODS_PODFILE_DIR_PATH}/Podfile.lock\" \"${PODS_ROOT}/Manifest.lock\" > /dev/null\nif [ $? != 0 ] ; then\n    # print error to STDERR\n    echo \"error: The sandbox is not in sync with the Podfile.lock. Run 'pod install' or update your CocoaPods installation.\" >&2\n    exit 1\nfi\n# This output is used by Xcode 'outputs' to avoid re-running this script phase.\necho \"SUCCESS\" > \"${SCRIPT_OUTPUT_FILE_0}\"\n";
			showEnvVarsInLog = 0;
		};
/* End PBXShellScriptBuildPhase section */

/* Begin PBXSourcesBuildPhase section */
		BC7088FE27C338A0006ED87B /* Sources */ = {
			isa = PBXSourcesBuildPhase;
			buildActionMask = 2147483647;
			files = (
				BC70890A27C338A0006ED87B /* ViewController.swift in Sources */,
				BC4F8DB227C56A2B001925EA /* MovieDetailViewController.swift in Sources */,
				BC70890627C338A0006ED87B /* AppDelegate.swift in Sources */,
				BC70893627C34E63006ED87B /* MovieCell.swift in Sources */,
				BC70890827C338A0006ED87B /* SceneDelegate.swift in Sources */,
				BC4F8DB427C71B0C001925EA /* MovieGridViewController.swift in Sources */,
				BC4F8DB827C71E41001925EA /* MovieGridCell.swift in Sources */,
			);
			runOnlyForDeploymentPostprocessing = 0;
		};
		BC70891427C338A3006ED87B /* Sources */ = {
			isa = PBXSourcesBuildPhase;
			buildActionMask = 2147483647;
			files = (
				BC70891D27C338A3006ED87B /* flixTests.swift in Sources */,
			);
			runOnlyForDeploymentPostprocessing = 0;
		};
		BC70891E27C338A3006ED87B /* Sources */ = {
			isa = PBXSourcesBuildPhase;
			buildActionMask = 2147483647;
			files = (
				BC70892727C338A3006ED87B /* flixUITests.swift in Sources */,
				BC70892927C338A3006ED87B /* flixUITestsLaunchTests.swift in Sources */,
			);
			runOnlyForDeploymentPostprocessing = 0;
		};
/* End PBXSourcesBuildPhase section */

/* Begin PBXTargetDependency section */
		BC70891A27C338A3006ED87B /* PBXTargetDependency */ = {
			isa = PBXTargetDependency;
			target = BC70890127C338A0006ED87B /* flix */;
			targetProxy = BC70891927C338A3006ED87B /* PBXContainerItemProxy */;
		};
		BC70892427C338A3006ED87B /* PBXTargetDependency */ = {
			isa = PBXTargetDependency;
			target = BC70890127C338A0006ED87B /* flix */;
			targetProxy = BC70892327C338A3006ED87B /* PBXContainerItemProxy */;
		};
/* End PBXTargetDependency section */

/* Begin PBXVariantGroup section */
		BC70890B27C338A0006ED87B /* Main.storyboard */ = {
			isa = PBXVariantGroup;
			children = (
				BC70890C27C338A0006ED87B /* Base */,
			);
			name = Main.storyboard;
			sourceTree = "<group>";
		};
		BC70891027C338A3006ED87B /* LaunchScreen.storyboard */ = {
			isa = PBXVariantGroup;
			children = (
				BC70891127C338A3006ED87B /* Base */,
			);
			name = LaunchScreen.storyboard;
			sourceTree = "<group>";
		};
/* End PBXVariantGroup section */

/* Begin XCBuildConfiguration section */
		BC70892A27C338A3006ED87B /* Debug */ = {
			isa = XCBuildConfiguration;
			buildSettings = {
				ALWAYS_SEARCH_USER_PATHS = NO;
				CLANG_ANALYZER_NONNULL = YES;
				CLANG_ANALYZER_NUMBER_OBJECT_CONVERSION = YES_AGGRESSIVE;
				CLANG_CXX_LANGUAGE_STANDARD = "gnu++17";
				CLANG_CXX_LIBRARY = "libc++";
				CLANG_ENABLE_MODULES = YES;
				CLANG_ENABLE_OBJC_ARC = YES;
				CLANG_ENABLE_OBJC_WEAK = YES;
				CLANG_WARN_BLOCK_CAPTURE_AUTORELEASING = YES;
				CLANG_WARN_BOOL_CONVERSION = YES;
				CLANG_WARN_COMMA = YES;
				CLANG_WARN_CONSTANT_CONVERSION = YES;
				CLANG_WARN_DEPRECATED_OBJC_IMPLEMENTATIONS = YES;
				CLANG_WARN_DIRECT_OBJC_ISA_USAGE = YES_ERROR;
				CLANG_WARN_DOCUMENTATION_COMMENTS = YES;
				CLANG_WARN_EMPTY_BODY = YES;
				CLANG_WARN_ENUM_CONVERSION = YES;
				CLANG_WARN_INFINITE_RECURSION = YES;
				CLANG_WARN_INT_CONVERSION = YES;
				CLANG_WARN_NON_LITERAL_NULL_CONVERSION = YES;
				CLANG_WARN_OBJC_IMPLICIT_RETAIN_SELF = YES;
				CLANG_WARN_OBJC_LITERAL_CONVERSION = YES;
				CLANG_WARN_OBJC_ROOT_CLASS = YES_ERROR;
				CLANG_WARN_QUOTED_INCLUDE_IN_FRAMEWORK_HEADER = YES;
				CLANG_WARN_RANGE_LOOP_ANALYSIS = YES;
				CLANG_WARN_STRICT_PROTOTYPES = YES;
				CLANG_WARN_SUSPICIOUS_MOVE = YES;
				CLANG_WARN_UNGUARDED_AVAILABILITY = YES_AGGRESSIVE;
				CLANG_WARN_UNREACHABLE_CODE = YES;
				CLANG_WARN__DUPLICATE_METHOD_MATCH = YES;
				COPY_PHASE_STRIP = NO;
				DEBUG_INFORMATION_FORMAT = dwarf;
				ENABLE_STRICT_OBJC_MSGSEND = YES;
				ENABLE_TESTABILITY = YES;
				GCC_C_LANGUAGE_STANDARD = gnu11;
				GCC_DYNAMIC_NO_PIC = NO;
				GCC_NO_COMMON_BLOCKS = YES;
				GCC_OPTIMIZATION_LEVEL = 0;
				GCC_PREPROCESSOR_DEFINITIONS = (
					"DEBUG=1",
					"$(inherited)",
				);
				GCC_WARN_64_TO_32_BIT_CONVERSION = YES;
				GCC_WARN_ABOUT_RETURN_TYPE = YES_ERROR;
				GCC_WARN_UNDECLARED_SELECTOR = YES;
				GCC_WARN_UNINITIALIZED_AUTOS = YES_AGGRESSIVE;
				GCC_WARN_UNUSED_FUNCTION = YES;
				GCC_WARN_UNUSED_VARIABLE = YES;
				IPHONEOS_DEPLOYMENT_TARGET = 15.0;
				MTL_ENABLE_DEBUG_INFO = INCLUDE_SOURCE;
				MTL_FAST_MATH = YES;
				ONLY_ACTIVE_ARCH = YES;
				SDKROOT = iphoneos;
				SWIFT_ACTIVE_COMPILATION_CONDITIONS = DEBUG;
				SWIFT_OPTIMIZATION_LEVEL = "-Onone";
			};
			name = Debug;
		};
		BC70892B27C338A3006ED87B /* Release */ = {
			isa = XCBuildConfiguration;
			buildSettings = {
				ALWAYS_SEARCH_USER_PATHS = NO;
				CLANG_ANALYZER_NONNULL = YES;
				CLANG_ANALYZER_NUMBER_OBJECT_CONVERSION = YES_AGGRESSIVE;
				CLANG_CXX_LANGUAGE_STANDARD = "gnu++17";
				CLANG_CXX_LIBRARY = "libc++";
				CLANG_ENABLE_MODULES = YES;
				CLANG_ENABLE_OBJC_ARC = YES;
				CLANG_ENABLE_OBJC_WEAK = YES;
				CLANG_WARN_BLOCK_CAPTURE_AUTORELEASING = YES;
				CLANG_WARN_BOOL_CONVERSION = YES;
				CLANG_WARN_COMMA = YES;
				CLANG_WARN_CONSTANT_CONVERSION = YES;
				CLANG_WARN_DEPRECATED_OBJC_IMPLEMENTATIONS = YES;
				CLANG_WARN_DIRECT_OBJC_ISA_USAGE = YES_ERROR;
				CLANG_WARN_DOCUMENTATION_COMMENTS = YES;
				CLANG_WARN_EMPTY_BODY = YES;
				CLANG_WARN_ENUM_CONVERSION = YES;
				CLANG_WARN_INFINITE_RECURSION = YES;
				CLANG_WARN_INT_CONVERSION = YES;
				CLANG_WARN_NON_LITERAL_NULL_CONVERSION = YES;
				CLANG_WARN_OBJC_IMPLICIT_RETAIN_SELF = YES;
				CLANG_WARN_OBJC_LITERAL_CONVERSION = YES;
				CLANG_WARN_OBJC_ROOT_CLASS = YES_ERROR;
				CLANG_WARN_QUOTED_INCLUDE_IN_FRAMEWORK_HEADER = YES;
				CLANG_WARN_RANGE_LOOP_ANALYSIS = YES;
				CLANG_WARN_STRICT_PROTOTYPES = YES;
				CLANG_WARN_SUSPICIOUS_MOVE = YES;
				CLANG_WARN_UNGUARDED_AVAILABILITY = YES_AGGRESSIVE;
				CLANG_WARN_UNREACHABLE_CODE = YES;
				CLANG_WARN__DUPLICATE_METHOD_MATCH = YES;
				COPY_PHASE_STRIP = NO;
				DEBUG_INFORMATION_FORMAT = "dwarf-with-dsym";
				ENABLE_NS_ASSERTIONS = NO;
				ENABLE_STRICT_OBJC_MSGSEND = YES;
				GCC_C_LANGUAGE_STANDARD = gnu11;
				GCC_NO_COMMON_BLOCKS = YES;
				GCC_WARN_64_TO_32_BIT_CONVERSION = YES;
				GCC_WARN_ABOUT_RETURN_TYPE = YES_ERROR;
				GCC_WARN_UNDECLARED_SELECTOR = YES;
				GCC_WARN_UNINITIALIZED_AUTOS = YES_AGGRESSIVE;
				GCC_WARN_UNUSED_FUNCTION = YES;
				GCC_WARN_UNUSED_VARIABLE = YES;
				IPHONEOS_DEPLOYMENT_TARGET = 15.0;
				MTL_ENABLE_DEBUG_INFO = NO;
				MTL_FAST_MATH = YES;
				SDKROOT = iphoneos;
				SWIFT_COMPILATION_MODE = wholemodule;
				SWIFT_OPTIMIZATION_LEVEL = "-O";
				VALIDATE_PRODUCT = YES;
			};
			name = Release;
		};
		BC70892D27C338A3006ED87B /* Debug */ = {
			isa = XCBuildConfiguration;
			baseConfigurationReference = 140121A39D4180C270BF2CAB /* Pods-flix.debug.xcconfig */;
			buildSettings = {
				ASSETCATALOG_COMPILER_APPICON_NAME = AppIcon;
				ASSETCATALOG_COMPILER_GLOBAL_ACCENT_COLOR_NAME = AccentColor;
				CODE_SIGN_STYLE = Automatic;
				CURRENT_PROJECT_VERSION = 1;
				GENERATE_INFOPLIST_FILE = YES;
				INFOPLIST_FILE = flix/Info.plist;
				INFOPLIST_KEY_UIApplicationSupportsIndirectInputEvents = YES;
				INFOPLIST_KEY_UILaunchStoryboardName = LaunchScreen;
				INFOPLIST_KEY_UIMainStoryboardFile = Main;
				INFOPLIST_KEY_UISupportedInterfaceOrientations_iPad = "UIInterfaceOrientationPortrait UIInterfaceOrientationPortraitUpsideDown UIInterfaceOrientationLandscapeLeft UIInterfaceOrientationLandscapeRight";
				INFOPLIST_KEY_UISupportedInterfaceOrientations_iPhone = "UIInterfaceOrientationPortrait UIInterfaceOrientationLandscapeLeft UIInterfaceOrientationLandscapeRight";
				LD_RUNPATH_SEARCH_PATHS = (
					"$(inherited)",
					"@executable_path/Frameworks",
				);
				MARKETING_VERSION = 1.0;
				PRODUCT_BUNDLE_IDENTIFIER = macobserver.com.flix;
				PRODUCT_NAME = "$(TARGET_NAME)";
				SWIFT_EMIT_LOC_STRINGS = YES;
				SWIFT_VERSION = 5.0;
				TARGETED_DEVICE_FAMILY = "1,2";
			};
			name = Debug;
		};
		BC70892E27C338A3006ED87B /* Release */ = {
			isa = XCBuildConfiguration;
			baseConfigurationReference = AD784B9D151D7678036656AD /* Pods-flix.release.xcconfig */;
			buildSettings = {
				ASSETCATALOG_COMPILER_APPICON_NAME = AppIcon;
				ASSETCATALOG_COMPILER_GLOBAL_ACCENT_COLOR_NAME = AccentColor;
				CODE_SIGN_STYLE = Automatic;
				CURRENT_PROJECT_VERSION = 1;
				GENERATE_INFOPLIST_FILE = YES;
				INFOPLIST_FILE = flix/Info.plist;
				INFOPLIST_KEY_UIApplicationSupportsIndirectInputEvents = YES;
				INFOPLIST_KEY_UILaunchStoryboardName = LaunchScreen;
				INFOPLIST_KEY_UIMainStoryboardFile = Main;
				INFOPLIST_KEY_UISupportedInterfaceOrientations_iPad = "UIInterfaceOrientationPortrait UIInterfaceOrientationPortraitUpsideDown UIInterfaceOrientationLandscapeLeft UIInterfaceOrientationLandscapeRight";
				INFOPLIST_KEY_UISupportedInterfaceOrientations_iPhone = "UIInterfaceOrientationPortrait UIInterfaceOrientationLandscapeLeft UIInterfaceOrientationLandscapeRight";
				LD_RUNPATH_SEARCH_PATHS = (
					"$(inherited)",
					"@executable_path/Frameworks",
				);
				MARKETING_VERSION = 1.0;
				PRODUCT_BUNDLE_IDENTIFIER = macobserver.com.flix;
				PRODUCT_NAME = "$(TARGET_NAME)";
				SWIFT_EMIT_LOC_STRINGS = YES;
				SWIFT_VERSION = 5.0;
				TARGETED_DEVICE_FAMILY = "1,2";
			};
			name = Release;
		};
		BC70893027C338A3006ED87B /* Debug */ = {
			isa = XCBuildConfiguration;
			baseConfigurationReference = AC6B0F717094095C74400395 /* Pods-flixTests.debug.xcconfig */;
			buildSettings = {
				ALWAYS_EMBED_SWIFT_STANDARD_LIBRARIES = YES;
				BUNDLE_LOADER = "$(TEST_HOST)";
				CODE_SIGN_STYLE = Automatic;
				CURRENT_PROJECT_VERSION = 1;
				GENERATE_INFOPLIST_FILE = YES;
				IPHONEOS_DEPLOYMENT_TARGET = 15.0;
				LD_RUNPATH_SEARCH_PATHS = (
					"$(inherited)",
					"@executable_path/Frameworks",
					"@loader_path/Frameworks",
				);
				MARKETING_VERSION = 1.0;
				PRODUCT_BUNDLE_IDENTIFIER = macobserver.com.flixTests;
				PRODUCT_NAME = "$(TARGET_NAME)";
				SWIFT_EMIT_LOC_STRINGS = NO;
				SWIFT_VERSION = 5.0;
				TARGETED_DEVICE_FAMILY = "1,2";
				TEST_HOST = "$(BUILT_PRODUCTS_DIR)/flix.app/flix";
			};
			name = Debug;
		};
		BC70893127C338A3006ED87B /* Release */ = {
			isa = XCBuildConfiguration;
			baseConfigurationReference = 4A16CB41ABCBE99AAFBFFDDE /* Pods-flixTests.release.xcconfig */;
			buildSettings = {
				ALWAYS_EMBED_SWIFT_STANDARD_LIBRARIES = YES;
				BUNDLE_LOADER = "$(TEST_HOST)";
				CODE_SIGN_STYLE = Automatic;
				CURRENT_PROJECT_VERSION = 1;
				GENERATE_INFOPLIST_FILE = YES;
				IPHONEOS_DEPLOYMENT_TARGET = 15.0;
				LD_RUNPATH_SEARCH_PATHS = (
					"$(inherited)",
					"@executable_path/Frameworks",
					"@loader_path/Frameworks",
				);
				MARKETING_VERSION = 1.0;
				PRODUCT_BUNDLE_IDENTIFIER = macobserver.com.flixTests;
				PRODUCT_NAME = "$(TARGET_NAME)";
				SWIFT_EMIT_LOC_STRINGS = NO;
				SWIFT_VERSION = 5.0;
				TARGETED_DEVICE_FAMILY = "1,2";
				TEST_HOST = "$(BUILT_PRODUCTS_DIR)/flix.app/flix";
			};
			name = Release;
		};
		BC70893327C338A3006ED87B /* Debug */ = {
			isa = XCBuildConfiguration;
			baseConfigurationReference = C10973C21FC15E4DCAACCECA /* Pods-flix-flixUITests.debug.xcconfig */;
			buildSettings = {
				ALWAYS_EMBED_SWIFT_STANDARD_LIBRARIES = YES;
				CODE_SIGN_STYLE = Automatic;
				CURRENT_PROJECT_VERSION = 1;
				GENERATE_INFOPLIST_FILE = YES;
				LD_RUNPATH_SEARCH_PATHS = (
					"$(inherited)",
					"@executable_path/Frameworks",
					"@loader_path/Frameworks",
				);
				MARKETING_VERSION = 1.0;
				PRODUCT_BUNDLE_IDENTIFIER = macobserver.com.flixUITests;
				PRODUCT_NAME = "$(TARGET_NAME)";
				SWIFT_EMIT_LOC_STRINGS = NO;
				SWIFT_VERSION = 5.0;
				TARGETED_DEVICE_FAMILY = "1,2";
				TEST_TARGET_NAME = flix;
			};
			name = Debug;
		};
		BC70893427C338A3006ED87B /* Release */ = {
			isa = XCBuildConfiguration;
			baseConfigurationReference = D30B51584D98DA494A1E3991 /* Pods-flix-flixUITests.release.xcconfig */;
			buildSettings = {
				ALWAYS_EMBED_SWIFT_STANDARD_LIBRARIES = YES;
				CODE_SIGN_STYLE = Automatic;
				CURRENT_PROJECT_VERSION = 1;
				GENERATE_INFOPLIST_FILE = YES;
				LD_RUNPATH_SEARCH_PATHS = (
					"$(inherited)",
					"@executable_path/Frameworks",
					"@loader_path/Frameworks",
				);
				MARKETING_VERSION = 1.0;
				PRODUCT_BUNDLE_IDENTIFIER = macobserver.com.flixUITests;
				PRODUCT_NAME = "$(TARGET_NAME)";
				SWIFT_EMIT_LOC_STRINGS = NO;
				SWIFT_VERSION = 5.0;
				TARGETED_DEVICE_FAMILY = "1,2";
				TEST_TARGET_NAME = flix;
			};
			name = Release;
		};
/* End XCBuildConfiguration section */

/* Begin XCConfigurationList section */
		BC7088FD27C338A0006ED87B /* Build configuration list for PBXProject "flix" */ = {
			isa = XCConfigurationList;
			buildConfigurations = (
				BC70892A27C338A3006ED87B /* Debug */,
				BC70892B27C338A3006ED87B /* Release */,
			);
			defaultConfigurationIsVisible = 0;
			defaultConfigurationName = Release;
		};
		BC70892C27C338A3006ED87B /* Build configuration list for PBXNativeTarget "flix" */ = {
			isa = XCConfigurationList;
			buildConfigurations = (
				BC70892D27C338A3006ED87B /* Debug */,
				BC70892E27C338A3006ED87B /* Release */,
			);
			defaultConfigurationIsVisible = 0;
			defaultConfigurationName = Release;
		};
		BC70892F27C338A3006ED87B /* Build configuration list for PBXNativeTarget "flixTests" */ = {
			isa = XCConfigurationList;
			buildConfigurations = (
				BC70893027C338A3006ED87B /* Debug */,
				BC70893127C338A3006ED87B /* Release */,
			);
			defaultConfigurationIsVisible = 0;
			defaultConfigurationName = Release;
		};
		BC70893227C338A3006ED87B /* Build configuration list for PBXNativeTarget "flixUITests" */ = {
			isa = XCConfigurationList;
			buildConfigurations = (
				BC70893327C338A3006ED87B /* Debug */,
				BC70893427C338A3006ED87B /* Release */,
			);
			defaultConfigurationIsVisible = 0;
			defaultConfigurationName = Release;
		};
/* End XCConfigurationList section */

/* Begin XCRemoteSwiftPackageReference section */
		BC70893727C3541E006ED87B /* XCRemoteSwiftPackageReference "AlamofireImage" */ = {
			isa = XCRemoteSwiftPackageReference;
			repositoryURL = "https://github.com/Alamofire/AlamofireImage";
			requirement = {
				kind = upToNextMajorVersion;
				minimumVersion = 4.0.0;
			};
		};
/* End XCRemoteSwiftPackageReference section */

/* Begin XCSwiftPackageProductDependency section */
		BC70893827C3541E006ED87B /* AlamofireImage */ = {
			isa = XCSwiftPackageProductDependency;
			package = BC70893727C3541E006ED87B /* XCRemoteSwiftPackageReference "AlamofireImage" */;
			productName = AlamofireImage;
		};
/* End XCSwiftPackageProductDependency section */
	};
	rootObject = BC7088FA27C338A0006ED87B /* Project object */;
}
